{
  "name": "invita-arte-studio-release-1-1-0",
  "version": "1.1.0",
  "lockfileVersion": 3,
  "requires": true,
  "packages": {
    "": {
      "name": "invita-arte-studio-release-1-1-0",
      "version": "1.1.0",
      "license": "MIT",
      "engines": {
        "node": ">=18.18.0"
      }
    }
  }
}
